
Microsoft Visual Studio Solution File, Format Version 12.00
# Visual Studio Version 16
VisualStudioVersion = 16.0.30225.117
MinimumVisualStudioVersion = 10.0.40219.1
Project("{FAE04EC0-301F-11D3-BF4B-00C04F79EFBC}") = "ChartTestApp", "ChartTestApp\ChartTestApp.csproj", "{6C01CCAA-4A98-4D36-A8CA-214C8D6F7BE2}"
EndProject
Project("{54435603-DBB4-11D2-8724-00A0C9A8B90C}") = "MyChartSetup", "MyChartSetup\MyChartSetup.vdproj", "{355E39A8-DACB-4315-8895-DE675AC94CAE}"
EndProject
Global
	GlobalSection(SolutionConfigurationPlatforms) = preSolution
		Debug|Any CPU = Debug|Any CPU
		Release|Any CPU = Release|Any CPU
	EndGlobalSection
	GlobalSection(ProjectConfigurationPlatforms) = postSolution
		{6C01CCAA-4A98-4D36-A8CA-214C8D6F7BE2}.Debug|Any CPU.ActiveCfg = Debug|Any CPU
		{6C01CCAA-4A98-4D36-A8CA-214C8D6F7BE2}.Debug|Any CPU.Build.0 = Debug|Any CPU
		{6C01CCAA-4A98-4D36-A8CA-214C8D6F7BE2}.Release|Any CPU.ActiveCfg = Release|Any CPU
		{6C01CCAA-4A98-4D36-A8CA-214C8D6F7BE2}.Release|Any CPU.Build.0 = Release|Any CPU
		{355E39A8-DACB-4315-8895-DE675AC94CAE}.Debug|Any CPU.ActiveCfg = Debug
		{355E39A8-DACB-4315-8895-DE675AC94CAE}.Release|Any CPU.ActiveCfg = Release
	EndGlobalSection
	GlobalSection(SolutionProperties) = preSolution
		HideSolutionNode = FALSE
	EndGlobalSection
	GlobalSection(ExtensibilityGlobals) = postSolution
		SolutionGuid = {9B122367-9A7B-43B6-8581-5FC3589A4111}
	EndGlobalSection
EndGlobal
